
Microsoft Visual Studio Solution File, Format Version 12.00
# Visual Studio Version 17
VisualStudioVersion = 17.8.34330.188
MinimumVisualStudioVersion = 10.0.40219.1
Project("{FAE04EC0-301F-11D3-BF4B-00C04F79EFBC}") = "Dado RPG", "Dado RPG\Dado RPG.csproj", "{73EF9E02-02DC-4162-BFC8-E0B1D6C5428F}"
EndProject
Global
	GlobalSection(SolutionConfigurationPlatforms) = preSolution
		Debug|Any CPU = Debug|Any CPU
		Release|Any CPU = Release|Any CPU
	EndGlobalSection
	GlobalSection(ProjectConfigurationPlatforms) = postSolution
		{73EF9E02-02DC-4162-BFC8-E0B1D6C5428F}.Debug|Any CPU.ActiveCfg = Debug|Any CPU
		{73EF9E02-02DC-4162-BFC8-E0B1D6C5428F}.Debug|Any CPU.Build.0 = Debug|Any CPU
		{73EF9E02-02DC-4162-BFC8-E0B1D6C5428F}.Release|Any CPU.ActiveCfg = Release|Any CPU
		{73EF9E02-02DC-4162-BFC8-E0B1D6C5428F}.Release|Any CPU.Build.0 = Release|Any CPU
	EndGlobalSection
	GlobalSection(SolutionProperties) = preSolution
		HideSolutionNode = FALSE
	EndGlobalSection
	GlobalSection(ExtensibilityGlobals) = postSolution
		SolutionGuid = {AC4865FC-54F4-420B-9BA5-EE3739333358}
	EndGlobalSection
EndGlobal
